
Microsoft Visual Studio Solution File, Format Version 12.00
# Visual Studio Version 18
VisualStudioVersion = 18.3.11304.161 d18.3
MinimumVisualStudioVersion = 16.0.0.0
Project("{FAE04EC0-301F-11D3-BF4B-00C04F79EFBC}") = "StrideCustomPostprocessEffect.Windows", "StrideCustomPostprocessEffect.Windows\StrideCustomPostprocessEffect.Windows.csproj", "{73E1D89A-92E2-E2DC-5E8D-AFCC882BFD20}"
EndProject
Project("{FAE04EC0-301F-11D3-BF4B-00C04F79EFBC}") = "StrideCustomPostprocessEffect", "StrideCustomPostprocessEffect\StrideCustomPostprocessEffect.csproj", "{F275C6DB-CAEC-3EA4-C96A-76945A3586FF}"
EndProject
Global
	GlobalSection(SolutionConfigurationPlatforms) = preSolution
		Debug|Any CPU = Debug|Any CPU
		Release|Any CPU = Release|Any CPU
	EndGlobalSection
	GlobalSection(ProjectConfigurationPlatforms) = postSolution
		{73E1D89A-92E2-E2DC-5E8D-AFCC882BFD20}.Debug|Any CPU.ActiveCfg = Debug|Any CPU
		{73E1D89A-92E2-E2DC-5E8D-AFCC882BFD20}.Debug|Any CPU.Build.0 = Debug|Any CPU
		{73E1D89A-92E2-E2DC-5E8D-AFCC882BFD20}.Release|Any CPU.ActiveCfg = Release|Any CPU
		{73E1D89A-92E2-E2DC-5E8D-AFCC882BFD20}.Release|Any CPU.Build.0 = Release|Any CPU
		{F275C6DB-CAEC-3EA4-C96A-76945A3586FF}.Debug|Any CPU.ActiveCfg = Debug|Any CPU
		{F275C6DB-CAEC-3EA4-C96A-76945A3586FF}.Debug|Any CPU.Build.0 = Debug|Any CPU
		{F275C6DB-CAEC-3EA4-C96A-76945A3586FF}.Release|Any CPU.ActiveCfg = Release|Any CPU
		{F275C6DB-CAEC-3EA4-C96A-76945A3586FF}.Release|Any CPU.Build.0 = Release|Any CPU
	EndGlobalSection
	GlobalSection(SolutionProperties) = preSolution
		HideSolutionNode = FALSE
	EndGlobalSection
EndGlobal
